
Microsoft Visual Studio Solution File, Format Version 12.00
# Visual Studio 15
VisualStudioVersion = 15.0.27130.2010
MinimumVisualStudioVersion = 10.0.40219.1
Project("{FAE04EC0-301F-11D3-BF4B-00C04F79EFBC}") = "Modeler", "Modeler\Modeler.csproj", "{2AF950F0-ABDB-49ED-8F14-E6375252CAFB}"
EndProject
Project("{8BC9CEB8-8B4A-11D0-8D11-00A0C91BC942}") = "DiffEqDLL", "DiffEqDLL\DiffEqDLL.vcxproj", "{1AE94C92-923C-4D13-878C-7077454E30B7}"
EndProject
Project("{8BC9CEB8-8B4A-11D0-8D11-00A0C91BC942}") = "CppClassDll", "CppClassDll\CppClassDll.vcxproj", "{AD9254F4-8FCA-471A-9619-A1E420373C20}"
EndProject
Project("{FAE04EC0-301F-11D3-BF4B-00C04F79EFBC}") = "WebAPI", "WebAPI\WebAPI.csproj", "{43F261A0-8D5A-4593-A77C-F8B803098C23}"
EndProject
Project("{FAE04EC0-301F-11D3-BF4B-00C04F79EFBC}") = "DataAcces", "DataAcces\DataAcces.csproj", "{61A2E5FF-3DAD-4DB4-9B43-85B4282024E8}"
EndProject
Global
	GlobalSection(SolutionConfigurationPlatforms) = preSolution
		Debug|Any CPU = Debug|Any CPU
		Debug|x64 = Debug|x64
		Debug|x86 = Debug|x86
		Release|Any CPU = Release|Any CPU
		Release|x64 = Release|x64
		Release|x86 = Release|x86
	EndGlobalSection
	GlobalSection(ProjectConfigurationPlatforms) = postSolution
		{2AF950F0-ABDB-49ED-8F14-E6375252CAFB}.Debug|Any CPU.ActiveCfg = Debug|Any CPU
		{2AF950F0-ABDB-49ED-8F14-E6375252CAFB}.Debug|Any CPU.Build.0 = Debug|Any CPU
		{2AF950F0-ABDB-49ED-8F14-E6375252CAFB}.Debug|x64.ActiveCfg = Debug|Any CPU
		{2AF950F0-ABDB-49ED-8F14-E6375252CAFB}.Debug|x64.Build.0 = Debug|Any CPU
		{2AF950F0-ABDB-49ED-8F14-E6375252CAFB}.Debug|x86.ActiveCfg = Debug|Any CPU
		{2AF950F0-ABDB-49ED-8F14-E6375252CAFB}.Debug|x86.Build.0 = Debug|Any CPU
		{2AF950F0-ABDB-49ED-8F14-E6375252CAFB}.Release|Any CPU.ActiveCfg = Release|Any CPU
		{2AF950F0-ABDB-49ED-8F14-E6375252CAFB}.Release|Any CPU.Build.0 = Release|Any CPU
		{2AF950F0-ABDB-49ED-8F14-E6375252CAFB}.Release|x64.ActiveCfg = Release|Any CPU
		{2AF950F0-ABDB-49ED-8F14-E6375252CAFB}.Release|x64.Build.0 = Release|Any CPU
		{2AF950F0-ABDB-49ED-8F14-E6375252CAFB}.Release|x86.ActiveCfg = Release|Any CPU
		{2AF950F0-ABDB-49ED-8F14-E6375252CAFB}.Release|x86.Build.0 = Release|Any CPU
		{1AE94C92-923C-4D13-878C-7077454E30B7}.Debug|Any CPU.ActiveCfg = Debug|Win32
		{1AE94C92-923C-4D13-878C-7077454E30B7}.Debug|x64.ActiveCfg = Debug|x64
		{1AE94C92-923C-4D13-878C-7077454E30B7}.Debug|x64.Build.0 = Debug|x64
		{1AE94C92-923C-4D13-878C-7077454E30B7}.Debug|x86.ActiveCfg = Debug|Win32
		{1AE94C92-923C-4D13-878C-7077454E30B7}.Debug|x86.Build.0 = Debug|Win32
		{1AE94C92-923C-4D13-878C-7077454E30B7}.Release|Any CPU.ActiveCfg = Release|Win32
		{1AE94C92-923C-4D13-878C-7077454E30B7}.Release|x64.ActiveCfg = Release|x64
		{1AE94C92-923C-4D13-878C-7077454E30B7}.Release|x64.Build.0 = Release|x64
		{1AE94C92-923C-4D13-878C-7077454E30B7}.Release|x86.ActiveCfg = Release|Win32
		{1AE94C92-923C-4D13-878C-7077454E30B7}.Release|x86.Build.0 = Release|Win32
		{AD9254F4-8FCA-471A-9619-A1E420373C20}.Debug|Any CPU.ActiveCfg = Debug|Win32
		{AD9254F4-8FCA-471A-9619-A1E420373C20}.Debug|x64.ActiveCfg = Debug|x64
		{AD9254F4-8FCA-471A-9619-A1E420373C20}.Debug|x64.Build.0 = Debug|x64
		{AD9254F4-8FCA-471A-9619-A1E420373C20}.Debug|x86.ActiveCfg = Debug|Win32
		{AD9254F4-8FCA-471A-9619-A1E420373C20}.Debug|x86.Build.0 = Debug|Win32
		{AD9254F4-8FCA-471A-9619-A1E420373C20}.Release|Any CPU.ActiveCfg = Release|Win32
		{AD9254F4-8FCA-471A-9619-A1E420373C20}.Release|x64.ActiveCfg = Release|x64
		{AD9254F4-8FCA-471A-9619-A1E420373C20}.Release|x64.Build.0 = Release|x64
		{AD9254F4-8FCA-471A-9619-A1E420373C20}.Release|x86.ActiveCfg = Release|Win32
		{AD9254F4-8FCA-471A-9619-A1E420373C20}.Release|x86.Build.0 = Release|Win32
		{43F261A0-8D5A-4593-A77C-F8B803098C23}.Debug|Any CPU.ActiveCfg = Debug|Any CPU
		{43F261A0-8D5A-4593-A77C-F8B803098C23}.Debug|Any CPU.Build.0 = Debug|Any CPU
		{43F261A0-8D5A-4593-A77C-F8B803098C23}.Debug|x64.ActiveCfg = Debug|Any CPU
		{43F261A0-8D5A-4593-A77C-F8B803098C23}.Debug|x64.Build.0 = Debug|Any CPU
		{43F261A0-8D5A-4593-A77C-F8B803098C23}.Debug|x86.ActiveCfg = Debug|Any CPU
		{43F261A0-8D5A-4593-A77C-F8B803098C23}.Debug|x86.Build.0 = Debug|Any CPU
		{43F261A0-8D5A-4593-A77C-F8B803098C23}.Release|Any CPU.ActiveCfg = Release|Any CPU
		{43F261A0-8D5A-4593-A77C-F8B803098C23}.Release|Any CPU.Build.0 = Release|Any CPU
		{43F261A0-8D5A-4593-A77C-F8B803098C23}.Release|x64.ActiveCfg = Release|Any CPU
		{43F261A0-8D5A-4593-A77C-F8B803098C23}.Release|x64.Build.0 = Release|Any CPU
		{43F261A0-8D5A-4593-A77C-F8B803098C23}.Release|x86.ActiveCfg = Release|Any CPU
		{43F261A0-8D5A-4593-A77C-F8B803098C23}.Release|x86.Build.0 = Release|Any CPU
		{61A2E5FF-3DAD-4DB4-9B43-85B4282024E8}.Debug|Any CPU.ActiveCfg = Debug|Any CPU
		{61A2E5FF-3DAD-4DB4-9B43-85B4282024E8}.Debug|Any CPU.Build.0 = Debug|Any CPU
		{61A2E5FF-3DAD-4DB4-9B43-85B4282024E8}.Debug|x64.ActiveCfg = Debug|Any CPU
		{61A2E5FF-3DAD-4DB4-9B43-85B4282024E8}.Debug|x64.Build.0 = Debug|Any CPU
		{61A2E5FF-3DAD-4DB4-9B43-85B4282024E8}.Debug|x86.ActiveCfg = Debug|Any CPU
		{61A2E5FF-3DAD-4DB4-9B43-85B4282024E8}.Debug|x86.Build.0 = Debug|Any CPU
		{61A2E5FF-3DAD-4DB4-9B43-85B4282024E8}.Release|Any CPU.ActiveCfg = Release|Any CPU
		{61A2E5FF-3DAD-4DB4-9B43-85B4282024E8}.Release|Any CPU.Build.0 = Release|Any CPU
		{61A2E5FF-3DAD-4DB4-9B43-85B4282024E8}.Release|x64.ActiveCfg = Release|Any CPU
		{61A2E5FF-3DAD-4DB4-9B43-85B4282024E8}.Release|x64.Build.0 = Release|Any CPU
		{61A2E5FF-3DAD-4DB4-9B43-85B4282024E8}.Release|x86.ActiveCfg = Release|Any CPU
		{61A2E5FF-3DAD-4DB4-9B43-85B4282024E8}.Release|x86.Build.0 = Release|Any CPU
	EndGlobalSection
	GlobalSection(SolutionProperties) = preSolution
		HideSolutionNode = FALSE
	EndGlobalSection
	GlobalSection(ExtensibilityGlobals) = postSolution
		SolutionGuid = {3732B1B2-D49E-4370-9ADF-DC40625E47D0}
	EndGlobalSection
EndGlobal
